// !$*UTF8*$!
{
	archiveVersion = 1;
	classes = {
	};
	objectVersion = 46;
	objects = {

/* Begin PBXBuildFile section */
		00C302E51ABCBA2D00DB3ED1 /* libRCTActionSheet.a in Frameworks */ = {isa = PBXBuildFile; fileRef = 00C302AC1ABCB8CE00DB3ED1 /* libRCTActionSheet.a */; };
		00C302E71ABCBA2D00DB3ED1 /* libRCTGeolocation.a in Frameworks */ = {isa = PBXBuildFile; fileRef = 00C302BA1ABCB90400DB3ED1 /* libRCTGeolocation.a */; };
		00C302E81ABCBA2D00DB3ED1 /* libRCTImage.a in Frameworks */ = {isa = PBXBuildFile; fileRef = 00C302C01ABCB91800DB3ED1 /* libRCTImage.a */; };
		00C302E91ABCBA2D00DB3ED1 /* libRCTNetwork.a in Frameworks */ = {isa = PBXBuildFile; fileRef = 00C302DC1ABCB9D200DB3ED1 /* libRCTNetwork.a */; };
		00C302EA1ABCBA2D00DB3ED1 /* libRCTVibration.a in Frameworks */ = {isa = PBXBuildFile; fileRef = 00C302E41ABCB9EE00DB3ED1 /* libRCTVibration.a */; };
		060C07D91D844B300014A488 /* libCodePush.a in Frameworks */ = {isa = PBXBuildFile; fileRef = 060C07D81D844AFE0014A488 /* libCodePush.a */; };
		06399B1E1D988A7100EA0F6E /* AMap.bundle in Resources */ = {isa = PBXBuildFile; fileRef = 06399B1D1D988A7100EA0F6E /* AMap.bundle */; };
		0653FCFA1DB9F9B800AFD96C /* libRCTWeChat.a in Frameworks */ = {isa = PBXBuildFile; fileRef = 0653FCF91DB9F9AA00AFD96C /* libRCTWeChat.a */; };
		06A3D8BD1D66F90800BFF486 /* Entypo.ttf in Resources */ = {isa = PBXBuildFile; fileRef = 06A3D8B51D66F90800BFF486 /* Entypo.ttf */; };
		06A3D8BE1D66F90800BFF486 /* EvilIcons.ttf in Resources */ = {isa = PBXBuildFile; fileRef = 06A3D8B61D66F90800BFF486 /* EvilIcons.ttf */; };
		06A3D8BF1D66F90800BFF486 /* FontAwesome.ttf in Resources */ = {isa = PBXBuildFile; fileRef = 06A3D8B71D66F90800BFF486 /* FontAwesome.ttf */; };
		06A3D8C01D66F90800BFF486 /* Foundation.ttf in Resources */ = {isa = PBXBuildFile; fileRef = 06A3D8B81D66F90800BFF486 /* Foundation.ttf */; };
		06A3D8C11D66F90800BFF486 /* Ionicons.ttf in Resources */ = {isa = PBXBuildFile; fileRef = 06A3D8B91D66F90800BFF486 /* Ionicons.ttf */; };
		06A3D8C21D66F90800BFF486 /* MaterialIcons.ttf in Resources */ = {isa = PBXBuildFile; fileRef = 06A3D8BA1D66F90800BFF486 /* MaterialIcons.ttf */; };
		06A3D8C31D66F90800BFF486 /* Octicons.ttf in Resources */ = {isa = PBXBuildFile; fileRef = 06A3D8BB1D66F90800BFF486 /* Octicons.ttf */; };
		06A3D8C41D66F90800BFF486 /* Zocial.ttf in Resources */ = {isa = PBXBuildFile; fileRef = 06A3D8BC1D66F90800BFF486 /* Zocial.ttf */; };
		06A3D8F01D6C24DF00BFF486 /* libz.1.2.5.tbd in Frameworks */ = {isa = PBXBuildFile; fileRef = 06A3D8EF1D6C24DF00BFF486 /* libz.1.2.5.tbd */; };
		06A3D8F21D6C24FF00BFF486 /* libc++.tbd in Frameworks */ = {isa = PBXBuildFile; fileRef = 06A3D8F11D6C24FF00BFF486 /* libc++.tbd */; };
		06A496791D5ADC710012631B /* libRCTMaterialKit.a in Frameworks */ = {isa = PBXBuildFile; fileRef = 06A4966A1D5ADA590012631B /* libRCTMaterialKit.a */; };
		133E29F31AD74F7200F7D852 /* libRCTLinking.a in Frameworks */ = {isa = PBXBuildFile; fileRef = 78C398B91ACF4ADC00677621 /* libRCTLinking.a */; };
		139105C61AF99C1200B5F7CC /* libRCTSettings.a in Frameworks */ = {isa = PBXBuildFile; fileRef = 139105C11AF99BAD00B5F7CC /* libRCTSettings.a */; };
		139FDEF61B0652A700C62182 /* libRCTWebSocket.a in Frameworks */ = {isa = PBXBuildFile; fileRef = 139FDEF41B06529B00C62182 /* libRCTWebSocket.a */; };
		13B07FBC1A68108700A75B9A /* AppDelegate.m in Sources */ = {isa = PBXBuildFile; fileRef = 13B07FB01A68108700A75B9A /* AppDelegate.m */; };
		13B07FBD1A68108700A75B9A /* LaunchScreen.xib in Resources */ = {isa = PBXBuildFile; fileRef = 13B07FB11A68108700A75B9A /* LaunchScreen.xib */; };
		13B07FBF1A68108700A75B9A /* Images.xcassets in Resources */ = {isa = PBXBuildFile; fileRef = 13B07FB51A68108700A75B9A /* Images.xcassets */; };
		13B07FC11A68108700A75B9A /* main.m in Sources */ = {isa = PBXBuildFile; fileRef = 13B07FB71A68108700A75B9A /* main.m */; };
		146834051AC3E58100842450 /* libReact.a in Frameworks */ = {isa = PBXBuildFile; fileRef = 146834041AC3E56700842450 /* libReact.a */; };
		768D153E1D5B1312002701CC /* libPods-SaishibaoTests.a in Frameworks */ = {isa = PBXBuildFile; fileRef = 76F0CA2F1D5B126400750B81 /* libPods-SaishibaoTests.a */; };
		76B460661D5B1107001AED0F /* AMap.m in Sources */ = {isa = PBXBuildFile; fileRef = 76B460321D5B1107001AED0F /* AMap.m */; };
		76B460671D5B1107001AED0F /* AMapFoundationKit.framework in Frameworks */ = {isa = PBXBuildFile; fileRef = 76B460331D5B1107001AED0F /* AMapFoundationKit.framework */; };
		76B460681D5B1107001AED0F /* AMapManager.m in Sources */ = {isa = PBXBuildFile; fileRef = 76B460351D5B1107001AED0F /* AMapManager.m */; };
		76B460691D5B1107001AED0F /* AMapSearchKit.framework in Frameworks */ = {isa = PBXBuildFile; fileRef = 76B460361D5B1107001AED0F /* AMapSearchKit.framework */; };
		76B4606A1D5B1107001AED0F /* MAMapKit.framework in Frameworks */ = {isa = PBXBuildFile; fileRef = 76B460371D5B1107001AED0F /* MAMapKit.framework */; };
		76B4606B1D5B1107001AED0F /* ASIAuthenticationDialog.m in Sources */ = {isa = PBXBuildFile; fileRef = 76B4603B1D5B1107001AED0F /* ASIAuthenticationDialog.m */; settings = {COMPILER_FLAGS = "-fno-objc-arc"; }; };
		76B4606C1D5B1107001AED0F /* ASIDataCompressor.m in Sources */ = {isa = PBXBuildFile; fileRef = 76B4603E1D5B1107001AED0F /* ASIDataCompressor.m */; settings = {COMPILER_FLAGS = "-fno-objc-arc"; }; };
		76B4606D1D5B1107001AED0F /* ASIDataDecompressor.m in Sources */ = {isa = PBXBuildFile; fileRef = 76B460401D5B1107001AED0F /* ASIDataDecompressor.m */; settings = {COMPILER_FLAGS = "-fno-objc-arc"; }; };
		76B4606E1D5B1107001AED0F /* ASIDownloadCache.m in Sources */ = {isa = PBXBuildFile; fileRef = 76B460421D5B1107001AED0F /* ASIDownloadCache.m */; settings = {COMPILER_FLAGS = "-fno-objc-arc"; }; };
		76B4606F1D5B1107001AED0F /* ASIFormDataRequest.m in Sources */ = {isa = PBXBuildFile; fileRef = 76B460441D5B1107001AED0F /* ASIFormDataRequest.m */; settings = {COMPILER_FLAGS = "-fno-objc-arc"; }; };
		76B460701D5B1107001AED0F /* ASIHTTPRequest.m in Sources */ = {isa = PBXBuildFile; fileRef = 76B460461D5B1107001AED0F /* ASIHTTPRequest.m */; settings = {COMPILER_FLAGS = "-fno-objc-arc"; }; };
		76B460711D5B1107001AED0F /* ASIInputStream.m in Sources */ = {isa = PBXBuildFile; fileRef = 76B4604A1D5B1107001AED0F /* ASIInputStream.m */; settings = {COMPILER_FLAGS = "-fno-objc-arc"; }; };
		76B460721D5B1107001AED0F /* ASINetworkQueue.m in Sources */ = {isa = PBXBuildFile; fileRef = 76B4604C1D5B1107001AED0F /* ASINetworkQueue.m */; settings = {COMPILER_FLAGS = "-fno-objc-arc"; }; };
		76B460731D5B1107001AED0F /* README-GHUnit in Resources */ = {isa = PBXBuildFile; fileRef = 76B460541D5B1107001AED0F /* README-GHUnit */; };
		76B460741D5B1107001AED0F /* Reachability.m in Sources */ = {isa = PBXBuildFile; fileRef = 76B460571D5B1107001AED0F /* Reachability.m */; settings = {COMPILER_FLAGS = "-fno-objc-arc"; }; };
		76B460751D5B1107001AED0F /* NetStub.m in Sources */ = {isa = PBXBuildFile; fileRef = 76B4605A1D5B1107001AED0F /* NetStub.m */; settings = {COMPILER_FLAGS = "-fno-objc-arc"; }; };
		76B460761D5B1107001AED0F /* RCTHttpx.m in Sources */ = {isa = PBXBuildFile; fileRef = 76B4605C1D5B1107001AED0F /* RCTHttpx.m */; };
		76B460991D5B116E001AED0F /* libz.tbd in Frameworks */ = {isa = PBXBuildFile; fileRef = 76B460981D5B116E001AED0F /* libz.tbd */; };
		76B4609B1D5B1177001AED0F /* libsqlite3.0.tbd in Frameworks */ = {isa = PBXBuildFile; fileRef = 76B4609A1D5B1177001AED0F /* libsqlite3.0.tbd */; };
		76F0CA2E1D5B125A00750B81 /* CoreTelephony.framework in Frameworks */ = {isa = PBXBuildFile; fileRef = 76F0CA2D1D5B125A00750B81 /* CoreTelephony.framework */; };
		832341BD1AAA6AB300B99B32 /* libRCTText.a in Frameworks */ = {isa = PBXBuildFile; fileRef = 832341B51AAA6A8300B99B32 /* libRCTText.a */; };
/* End PBXBuildFile section */

/* Begin PBXContainerItemProxy section */
		00C302AB1ABCB8CE00DB3ED1 /* PBXContainerItemProxy */ = {
			isa = PBXContainerItemProxy;
			containerPortal = 00C302A71ABCB8CE00DB3ED1 /* RCTActionSheet.xcodeproj */;
			proxyType = 2;
			remoteGlobalIDString = 134814201AA4EA6300B7C361;
			remoteInfo = RCTActionSheet;
		};
		00C302B91ABCB90400DB3ED1 /* PBXContainerItemProxy */ = {
			isa = PBXContainerItemProxy;
			containerPortal = 00C302B51ABCB90400DB3ED1 /* RCTGeolocation.xcodeproj */;
			proxyType = 2;
			remoteGlobalIDString = 134814201AA4EA6300B7C361;
			remoteInfo = RCTGeolocation;
		};
		00C302BF1ABCB91800DB3ED1 /* PBXContainerItemProxy */ = {
			isa = PBXContainerItemProxy;
			containerPortal = 00C302BB1ABCB91800DB3ED1 /* RCTImage.xcodeproj */;
			proxyType = 2;
			remoteGlobalIDString = 58B5115D1A9E6B3D00147676;
			remoteInfo = RCTImage;
		};
		00C302DB1ABCB9D200DB3ED1 /* PBXContainerItemProxy */ = {
			isa = PBXContainerItemProxy;
			containerPortal = 00C302D31ABCB9D200DB3ED1 /* RCTNetwork.xcodeproj */;
			proxyType = 2;
			remoteGlobalIDString = 58B511DB1A9E6C8500147676;
			remoteInfo = RCTNetwork;
		};
		00C302E31ABCB9EE00DB3ED1 /* PBXContainerItemProxy */ = {
			isa = PBXContainerItemProxy;
			containerPortal = 00C302DF1ABCB9EE00DB3ED1 /* RCTVibration.xcodeproj */;
			proxyType = 2;
			remoteGlobalIDString = 832C81801AAF6DEF007FA2F7;
			remoteInfo = RCTVibration;
		};
		060C07D71D844AFE0014A488 /* PBXContainerItemProxy */ = {
			isa = PBXContainerItemProxy;
			containerPortal = 060C07D31D844AFE0014A488 /* CodePush.xcodeproj */;
			proxyType = 2;
			remoteGlobalIDString = 134814201AA4EA6300B7C361;
			remoteInfo = CodePush;
		};
		0653FCF81DB9F9AA00AFD96C /* PBXContainerItemProxy */ = {
			isa = PBXContainerItemProxy;
			containerPortal = 0653FCF41DB9F9A900AFD96C /* RCTWeChat.xcodeproj */;
			proxyType = 2;
			remoteGlobalIDString = 86D238421BD0BB9E00C75D01;
			remoteInfo = RCTWeChat;
		};
		06A496691D5ADA590012631B /* PBXContainerItemProxy */ = {
			isa = PBXContainerItemProxy;
			containerPortal = 06A496611D5ADA590012631B /* RCTMaterialKit.xcodeproj */;
			proxyType = 2;
			remoteGlobalIDString = 8A1B8E771B22E4E300DB45C2;
			remoteInfo = RCTMaterialKit;
		};
		139105C01AF99BAD00B5F7CC /* PBXContainerItemProxy */ = {
			isa = PBXContainerItemProxy;
			containerPortal = 139105B61AF99BAD00B5F7CC /* RCTSettings.xcodeproj */;
			proxyType = 2;
			remoteGlobalIDString = 134814201AA4EA6300B7C361;
			remoteInfo = RCTSettings;
		};
		139FDEF31B06529B00C62182 /* PBXContainerItemProxy */ = {
			isa = PBXContainerItemProxy;
			containerPortal = 139FDEE61B06529A00C62182 /* RCTWebSocket.xcodeproj */;
			proxyType = 2;
			remoteGlobalIDString = 3C86DF461ADF2C930047B81A;
			remoteInfo = RCTWebSocket;
		};
		146834031AC3E56700842450 /* PBXContainerItemProxy */ = {
			isa = PBXContainerItemProxy;
			containerPortal = 146833FF1AC3E56700842450 /* React.xcodeproj */;
			proxyType = 2;
			remoteGlobalIDString = 83CBBA2E1A601D0E00E9B192;
			remoteInfo = React;
		};
		78C398B81ACF4ADC00677621 /* PBXContainerItemProxy */ = {
			isa = PBXContainerItemProxy;
			containerPortal = 78C398B01ACF4ADC00677621 /* RCTLinking.xcodeproj */;
			proxyType = 2;
			remoteGlobalIDString = 134814201AA4EA6300B7C361;
			remoteInfo = RCTLinking;
		};
		832341B41AAA6A8300B99B32 /* PBXContainerItemProxy */ = {
			isa = PBXContainerItemProxy;
			containerPortal = 832341B01AAA6A8300B99B32 /* RCTText.xcodeproj */;
			proxyType = 2;
			remoteGlobalIDString = 58B5119B1A9E6C1200147676;
			remoteInfo = RCTText;
		};
/* End PBXContainerItemProxy section */

/* Begin PBXFileReference section */
		008F07F21AC5B25A0029DE68 /* main.jsbundle */ = {isa = PBXFileReference; fileEncoding = 4; lastKnownFileType = text; path = main.jsbundle; sourceTree = "<group>"; };
		00C302A71ABCB8CE00DB3ED1 /* RCTActionSheet.xcodeproj */ = {isa = PBXFileReference; lastKnownFileType = "wrapper.pb-project"; name = RCTActionSheet.xcodeproj; path = "../node_modules/react-native/Libraries/ActionSheetIOS/RCTActionSheet.xcodeproj"; sourceTree = "<group>"; };
		00C302B51ABCB90400DB3ED1 /* RCTGeolocation.xcodeproj */ = {isa = PBXFileReference; lastKnownFileType = "wrapper.pb-project"; name = RCTGeolocation.xcodeproj; path = "../node_modules/react-native/Libraries/Geolocation/RCTGeolocation.xcodeproj"; sourceTree = "<group>"; };
		00C302BB1ABCB91800DB3ED1 /* RCTImage.xcodeproj */ = {isa = PBXFileReference; lastKnownFileType = "wrapper.pb-project"; name = RCTImage.xcodeproj; path = "../node_modules/react-native/Libraries/Image/RCTImage.xcodeproj"; sourceTree = "<group>"; };
		00C302D31ABCB9D200DB3ED1 /* RCTNetwork.xcodeproj */ = {isa = PBXFileReference; lastKnownFileType = "wrapper.pb-project"; name = RCTNetwork.xcodeproj; path = "../node_modules/react-native/Libraries/Network/RCTNetwork.xcodeproj"; sourceTree = "<group>"; };
		00C302DF1ABCB9EE00DB3ED1 /* RCTVibration.xcodeproj */ = {isa = PBXFileReference; lastKnownFileType = "wrapper.pb-project"; name = RCTVibration.xcodeproj; path = "../node_modules/react-native/Libraries/Vibration/RCTVibration.xcodeproj"; sourceTree = "<group>"; };
		00E356F11AD99517003FC87E /* Info.plist */ = {isa = PBXFileReference; lastKnownFileType = text.plist.xml; path = Info.plist; sourceTree = "<group>"; };
		00E356F21AD99517003FC87E /* SaishibaoTests.m */ = {isa = PBXFileReference; lastKnownFileType = sourcecode.c.objc; path = SaishibaoTests.m; sourceTree = "<group>"; };
		01EFF53D6718D73FAC0AE1E8 /* Pods-SaishibaoTests.release.xcconfig */ = {isa = PBXFileReference; includeInIndex = 1; lastKnownFileType = text.xcconfig; name = "Pods-SaishibaoTests.release.xcconfig"; path = "Pods/Target Support Files/Pods-SaishibaoTests/Pods-SaishibaoTests.release.xcconfig"; sourceTree = "<group>"; };
		060C07D31D844AFE0014A488 /* CodePush.xcodeproj */ = {isa = PBXFileReference; lastKnownFileType = "wrapper.pb-project"; name = CodePush.xcodeproj; path = "../node_modules/react-native-code-push/ios/CodePush.xcodeproj"; sourceTree = "<group>"; };
		06399B1D1D988A7100EA0F6E /* AMap.bundle */ = {isa = PBXFileReference; lastKnownFileType = "wrapper.plug-in"; name = AMap.bundle; path = Saishibao/3rd/amap/MAMapKit.framework/AMap.bundle; sourceTree = "<group>"; };
		0653FCF41DB9F9A900AFD96C /* RCTWeChat.xcodeproj */ = {isa = PBXFileReference; lastKnownFileType = "wrapper.pb-project"; name = RCTWeChat.xcodeproj; path = "../node_modules/react-native-wechat/ios/RCTWeChat.xcodeproj"; sourceTree = "<group>"; };
		06A3D8B51D66F90800BFF486 /* Entypo.ttf */ = {isa = PBXFileReference; lastKnownFileType = file; path = Entypo.ttf; sourceTree = "<group>"; };
		06A3D8B61D66F90800BFF486 /* EvilIcons.ttf */ = {isa = PBXFileReference; lastKnownFileType = file; path = EvilIcons.ttf; sourceTree = "<group>"; };
		06A3D8B71D66F90800BFF486 /* FontAwesome.ttf */ = {isa = PBXFileReference; lastKnownFileType = file; path = FontAwesome.ttf; sourceTree = "<group>"; };
		06A3D8B81D66F90800BFF486 /* Foundation.ttf */ = {isa = PBXFileReference; lastKnownFileType = file; path = Foundation.ttf; sourceTree = "<group>"; };
		06A3D8B91D66F90800BFF486 /* Ionicons.ttf */ = {isa = PBXFileReference; lastKnownFileType = file; path = Ionicons.ttf; sourceTree = "<group>"; };
		06A3D8BA1D66F90800BFF486 /* MaterialIcons.ttf */ = {isa = PBXFileReference; lastKnownFileType = file; path = MaterialIcons.ttf; sourceTree = "<group>"; };
		06A3D8BB1D66F90800BFF486 /* Octicons.ttf */ = {isa = PBXFileReference; lastKnownFileType = file; path = Octicons.ttf; sourceTree = "<group>"; };
		06A3D8BC1D66F90800BFF486 /* Zocial.ttf */ = {isa = PBXFileReference; lastKnownFileType = file; path = Zocial.ttf; sourceTree = "<group>"; };
		06A3D8EF1D6C24DF00BFF486 /* libz.1.2.5.tbd */ = {isa = PBXFileReference; lastKnownFileType = "sourcecode.text-based-dylib-definition"; name = libz.1.2.5.tbd; path = usr/lib/libz.1.2.5.tbd; sourceTree = SDKROOT; };
		06A3D8F11D6C24FF00BFF486 /* libc++.tbd */ = {isa = PBXFileReference; lastKnownFileType = "sourcecode.text-based-dylib-definition"; name = "libc++.tbd"; path = "usr/lib/libc++.tbd"; sourceTree = SDKROOT; };
		06A496611D5ADA590012631B /* RCTMaterialKit.xcodeproj */ = {isa = PBXFileReference; lastKnownFileType = "wrapper.pb-project"; name = RCTMaterialKit.xcodeproj; path = "../node_modules/react-native-material-kit/iOS/RCTMaterialKit.xcodeproj"; sourceTree = "<group>"; };
		0E01D854CA3CD97680099DB1 /* Pods-SaishibaoTests.debug.xcconfig */ = {isa = PBXFileReference; includeInIndex = 1; lastKnownFileType = text.xcconfig; name = "Pods-SaishibaoTests.debug.xcconfig"; path = "Pods/Target Support Files/Pods-SaishibaoTests/Pods-SaishibaoTests.debug.xcconfig"; sourceTree = "<group>"; };
		139105B61AF99BAD00B5F7CC /* RCTSettings.xcodeproj */ = {isa = PBXFileReference; lastKnownFileType = "wrapper.pb-project"; name = RCTSettings.xcodeproj; path = "../node_modules/react-native/Libraries/Settings/RCTSettings.xcodeproj"; sourceTree = "<group>"; };
		139FDEE61B06529A00C62182 /* RCTWebSocket.xcodeproj */ = {isa = PBXFileReference; lastKnownFileType = "wrapper.pb-project"; name = RCTWebSocket.xcodeproj; path = "../node_modules/react-native/Libraries/WebSocket/RCTWebSocket.xcodeproj"; sourceTree = "<group>"; };
		13B07F961A680F5B00A75B9A /* 赛事宝.app */ = {isa = PBXFileReference; explicitFileType = wrapper.application; includeInIndex = 0; path = "赛事宝.app"; sourceTree = BUILT_PRODUCTS_DIR; };
		13B07FAF1A68108700A75B9A /* AppDelegate.h */ = {isa = PBXFileReference; fileEncoding = 4; lastKnownFileType = sourcecode.c.h; name = AppDelegate.h; path = Saishibao/AppDelegate.h; sourceTree = "<group>"; };
		13B07FB01A68108700A75B9A /* AppDelegate.m */ = {isa = PBXFileReference; fileEncoding = 4; lastKnownFileType = sourcecode.c.objc; name = AppDelegate.m; path = Saishibao/AppDelegate.m; sourceTree = "<group>"; };
		13B07FB21A68108700A75B9A /* Base */ = {isa = PBXFileReference; lastKnownFileType = file.xib; name = Base; path = Base.lproj/LaunchScreen.xib; sourceTree = "<group>"; };
		13B07FB51A68108700A75B9A /* Images.xcassets */ = {isa = PBXFileReference; lastKnownFileType = folder.assetcatalog; name = Images.xcassets; path = Saishibao/Images.xcassets; sourceTree = "<group>"; };
		13B07FB61A68108700A75B9A /* Info.plist */ = {isa = PBXFileReference; fileEncoding = 4; lastKnownFileType = text.plist.xml; name = Info.plist; path = Saishibao/Info.plist; sourceTree = "<group>"; };
		13B07FB71A68108700A75B9A /* main.m */ = {isa = PBXFileReference; fileEncoding = 4; lastKnownFileType = sourcecode.c.objc; name = main.m; path = Saishibao/main.m; sourceTree = "<group>"; };
		146833FF1AC3E56700842450 /* React.xcodeproj */ = {isa = PBXFileReference; lastKnownFileType = "wrapper.pb-project"; name = React.xcodeproj; path = "../node_modules/react-native/React/React.xcodeproj"; sourceTree = "<group>"; };
		52C12E6D45A930ED150953AB /* libPods-SaishibaoTests.a */ = {isa = PBXFileReference; explicitFileType = archive.ar; includeInIndex = 0; path = "libPods-SaishibaoTests.a"; sourceTree = BUILT_PRODUCTS_DIR; };
		76B460311D5B1107001AED0F /* AMap.h */ = {isa = PBXFileReference; fileEncoding = 4; lastKnownFileType = sourcecode.c.h; path = AMap.h; sourceTree = "<group>"; };
		76B460321D5B1107001AED0F /* AMap.m */ = {isa = PBXFileReference; fileEncoding = 4; lastKnownFileType = sourcecode.c.objc; path = AMap.m; sourceTree = "<group>"; };
		76B460331D5B1107001AED0F /* AMapFoundationKit.framework */ = {isa = PBXFileReference; lastKnownFileType = wrapper.framework; name = AMapFoundationKit.framework; path = Saishibao/3rd/amap/AMapFoundationKit.framework; sourceTree = "<group>"; };
		76B460341D5B1107001AED0F /* AMapManager.h */ = {isa = PBXFileReference; fileEncoding = 4; lastKnownFileType = sourcecode.c.h; path = AMapManager.h; sourceTree = "<group>"; };
		76B460351D5B1107001AED0F /* AMapManager.m */ = {isa = PBXFileReference; fileEncoding = 4; lastKnownFileType = sourcecode.c.objc; path = AMapManager.m; sourceTree = "<group>"; };
		76B460361D5B1107001AED0F /* AMapSearchKit.framework */ = {isa = PBXFileReference; lastKnownFileType = wrapper.framework; name = AMapSearchKit.framework; path = Saishibao/3rd/amap/AMapSearchKit.framework; sourceTree = "<group>"; };
		76B460371D5B1107001AED0F /* MAMapKit.framework */ = {isa = PBXFileReference; lastKnownFileType = wrapper.framework; name = MAMapKit.framework; path = Saishibao/3rd/amap/MAMapKit.framework; sourceTree = "<group>"; };
		76B4603A1D5B1107001AED0F /* ASIAuthenticationDialog.h */ = {isa = PBXFileReference; fileEncoding = 4; lastKnownFileType = sourcecode.c.h; path = ASIAuthenticationDialog.h; sourceTree = "<group>"; };
		76B4603B1D5B1107001AED0F /* ASIAuthenticationDialog.m */ = {isa = PBXFileReference; fileEncoding = 4; lastKnownFileType = sourcecode.c.objc; path = ASIAuthenticationDialog.m; sourceTree = "<group>"; };
		76B4603C1D5B1107001AED0F /* ASICacheDelegate.h */ = {isa = PBXFileReference; fileEncoding = 4; lastKnownFileType = sourcecode.c.h; path = ASICacheDelegate.h; sourceTree = "<group>"; };
		76B4603D1D5B1107001AED0F /* ASIDataCompressor.h */ = {isa = PBXFileReference; fileEncoding = 4; lastKnownFileType = sourcecode.c.h; path = ASIDataCompressor.h; sourceTree = "<group>"; };
		76B4603E1D5B1107001AED0F /* ASIDataCompressor.m */ = {isa = PBXFileReference; fileEncoding = 4; lastKnownFileType = sourcecode.c.objc; path = ASIDataCompressor.m; sourceTree = "<group>"; };
		76B4603F1D5B1107001AED0F /* ASIDataDecompressor.h */ = {isa = PBXFileReference; fileEncoding = 4; lastKnownFileType = sourcecode.c.h; path = ASIDataDecompressor.h; sourceTree = "<group>"; };
		76B460401D5B1107001AED0F /* ASIDataDecompressor.m */ = {isa = PBXFileReference; fileEncoding = 4; lastKnownFileType = sourcecode.c.objc; path = ASIDataDecompressor.m; sourceTree = "<group>"; };
		76B460411D5B1107001AED0F /* ASIDownloadCache.h */ = {isa = PBXFileReference; fileEncoding = 4; lastKnownFileType = sourcecode.c.h; path = ASIDownloadCache.h; sourceTree = "<group>"; };
		76B460421D5B1107001AED0F /* ASIDownloadCache.m */ = {isa = PBXFileReference; fileEncoding = 4; lastKnownFileType = sourcecode.c.objc; path = ASIDownloadCache.m; sourceTree = "<group>"; };
		76B460431D5B1107001AED0F /* ASIFormDataRequest.h */ = {isa = PBXFileReference; fileEncoding = 4; lastKnownFileType = sourcecode.c.h; path = ASIFormDataRequest.h; sourceTree = "<group>"; };
		76B460441D5B1107001AED0F /* ASIFormDataRequest.m */ = {isa = PBXFileReference; fileEncoding = 4; lastKnownFileType = sourcecode.c.objc; path = ASIFormDataRequest.m; sourceTree = "<group>"; };
		76B460451D5B1107001AED0F /* ASIHTTPRequest.h */ = {isa = PBXFileReference; fileEncoding = 4; lastKnownFileType = sourcecode.c.h; path = ASIHTTPRequest.h; sourceTree = "<group>"; };
		76B460461D5B1107001AED0F /* ASIHTTPRequest.m */ = {isa = PBXFileReference; fileEncoding = 4; lastKnownFileType = sourcecode.c.objc; path = ASIHTTPRequest.m; sourceTree = "<group>"; };
		76B460471D5B1107001AED0F /* ASIHTTPRequestConfig.h */ = {isa = PBXFileReference; fileEncoding = 4; lastKnownFileType = sourcecode.c.h; path = ASIHTTPRequestConfig.h; sourceTree = "<group>"; };
		76B460481D5B1107001AED0F /* ASIHTTPRequestDelegate.h */ = {isa = PBXFileReference; fileEncoding = 4; lastKnownFileType = sourcecode.c.h; path = ASIHTTPRequestDelegate.h; sourceTree = "<group>"; };
		76B460491D5B1107001AED0F /* ASIInputStream.h */ = {isa = PBXFileReference; fileEncoding = 4; lastKnownFileType = sourcecode.c.h; path = ASIInputStream.h; sourceTree = "<group>"; };
		76B4604A1D5B1107001AED0F /* ASIInputStream.m */ = {isa = PBXFileReference; fileEncoding = 4; lastKnownFileType = sourcecode.c.objc; path = ASIInputStream.m; sourceTree = "<group>"; };
		76B4604B1D5B1107001AED0F /* ASINetworkQueue.h */ = {isa = PBXFileReference; fileEncoding = 4; lastKnownFileType = sourcecode.c.h; path = ASINetworkQueue.h; sourceTree = "<group>"; };
		76B4604C1D5B1107001AED0F /* ASINetworkQueue.m */ = {isa = PBXFileReference; fileEncoding = 4; lastKnownFileType = sourcecode.c.objc; path = ASINetworkQueue.m; sourceTree = "<group>"; };
		76B4604D1D5B1107001AED0F /* ASIProgressDelegate.h */ = {isa = PBXFileReference; fileEncoding = 4; lastKnownFileType = sourcecode.c.h; path = ASIProgressDelegate.h; sourceTree = "<group>"; };
		76B460541D5B1107001AED0F /* README-GHUnit */ = {isa = PBXFileReference; fileEncoding = 4; lastKnownFileType = text; path = "README-GHUnit"; sourceTree = "<group>"; };
		76B460561D5B1107001AED0F /* Reachability.h */ = {isa = PBXFileReference; fileEncoding = 4; lastKnownFileType = sourcecode.c.h; path = Reachability.h; sourceTree = "<group>"; };
		76B460571D5B1107001AED0F /* Reachability.m */ = {isa = PBXFileReference; fileEncoding = 4; lastKnownFileType = sourcecode.c.objc; path = Reachability.m; sourceTree = "<group>"; };
		76B460591D5B1107001AED0F /* NetStub.h */ = {isa = PBXFileReference; fileEncoding = 4; lastKnownFileType = sourcecode.c.h; path = NetStub.h; sourceTree = "<group>"; };
		76B4605A1D5B1107001AED0F /* NetStub.m */ = {isa = PBXFileReference; fileEncoding = 4; lastKnownFileType = sourcecode.c.objc; path = NetStub.m; sourceTree = "<group>"; };
		76B4605B1D5B1107001AED0F /* RCTHttpx.h */ = {isa = PBXFileReference; fileEncoding = 4; lastKnownFileType = sourcecode.c.h; path = RCTHttpx.h; sourceTree = "<group>"; };
		76B4605C1D5B1107001AED0F /* RCTHttpx.m */ = {isa = PBXFileReference; fileEncoding = 4; lastKnownFileType = sourcecode.c.objc; path = RCTHttpx.m; sourceTree = "<group>"; };
		76B460981D5B116E001AED0F /* libz.tbd */ = {isa = PBXFileReference; lastKnownFileType = "sourcecode.text-based-dylib-definition"; name = libz.tbd; path = usr/lib/libz.tbd; sourceTree = SDKROOT; };
		76B4609A1D5B1177001AED0F /* libsqlite3.0.tbd */ = {isa = PBXFileReference; lastKnownFileType = "sourcecode.text-based-dylib-definition"; name = libsqlite3.0.tbd; path = usr/lib/libsqlite3.0.tbd; sourceTree = SDKROOT; };
		76F0CA2D1D5B125A00750B81 /* CoreTelephony.framework */ = {isa = PBXFileReference; lastKnownFileType = wrapper.framework; name = CoreTelephony.framework; path = System/Library/Frameworks/CoreTelephony.framework; sourceTree = SDKROOT; };
		76F0CA2F1D5B126400750B81 /* libPods-SaishibaoTests.a */ = {isa = PBXFileReference; lastKnownFileType = archive.ar; name = "libPods-SaishibaoTests.a"; path = "../../../Library/Developer/Xcode/DerivedData/Saishibao-eykptyuqjsqikaanbfuvysmkxvwc/Build/Products/Debug-iphonesimulator/libPods-SaishibaoTests.a"; sourceTree = "<group>"; };
		78C398B01ACF4ADC00677621 /* RCTLinking.xcodeproj */ = {isa = PBXFileReference; lastKnownFileType = "wrapper.pb-project"; name = RCTLinking.xcodeproj; path = "../node_modules/react-native/Libraries/LinkingIOS/RCTLinking.xcodeproj"; sourceTree = "<group>"; };
		832341B01AAA6A8300B99B32 /* RCTText.xcodeproj */ = {isa = PBXFileReference; lastKnownFileType = "wrapper.pb-project"; name = RCTText.xcodeproj; path = "../node_modules/react-native/Libraries/Text/RCTText.xcodeproj"; sourceTree = "<group>"; };
		CBBB20FD1DB86D8900423804 /* libWeChatSDK.a */ = {isa = PBXFileReference; lastKnownFileType = archive.ar; name = libWeChatSDK.a; path = "../node_modules/react-native-wechat/ios/libWeChatSDK.a"; sourceTree = "<group>"; };
/* End PBXFileReference section */

/* Begin PBXFrameworksBuildPhase section */
		13B07F8C1A680F5B00A75B9A /* Frameworks */ = {
			isa = PBXFrameworksBuildPhase;
			buildActionMask = 2147483647;
			files = (
				0653FCFA1DB9F9B800AFD96C /* libRCTWeChat.a in Frameworks */,
				76B460991D5B116E001AED0F /* libz.tbd in Frameworks */,
				060C07D91D844B300014A488 /* libCodePush.a in Frameworks */,
				76F0CA2E1D5B125A00750B81 /* CoreTelephony.framework in Frameworks */,
				06A3D8F21D6C24FF00BFF486 /* libc++.tbd in Frameworks */,
				06A3D8F01D6C24DF00BFF486 /* libz.1.2.5.tbd in Frameworks */,
				76B4609B1D5B1177001AED0F /* libsqlite3.0.tbd in Frameworks */,
				06A496791D5ADC710012631B /* libRCTMaterialKit.a in Frameworks */,
				76B460671D5B1107001AED0F /* AMapFoundationKit.framework in Frameworks */,
				76B4606A1D5B1107001AED0F /* MAMapKit.framework in Frameworks */,
				146834051AC3E58100842450 /* libReact.a in Frameworks */,
				00C302E51ABCBA2D00DB3ED1 /* libRCTActionSheet.a in Frameworks */,
				00C302E71ABCBA2D00DB3ED1 /* libRCTGeolocation.a in Frameworks */,
				00C302E81ABCBA2D00DB3ED1 /* libRCTImage.a in Frameworks */,
				133E29F31AD74F7200F7D852 /* libRCTLinking.a in Frameworks */,
				76B460691D5B1107001AED0F /* AMapSearchKit.framework in Frameworks */,
				00C302E91ABCBA2D00DB3ED1 /* libRCTNetwork.a in Frameworks */,
				139105C61AF99C1200B5F7CC /* libRCTSettings.a in Frameworks */,
				832341BD1AAA6AB300B99B32 /* libRCTText.a in Frameworks */,
				00C302EA1ABCBA2D00DB3ED1 /* libRCTVibration.a in Frameworks */,
				139FDEF61B0652A700C62182 /* libRCTWebSocket.a in Frameworks */,
				768D153E1D5B1312002701CC /* libPods-SaishibaoTests.a in Frameworks */,
			);
			runOnlyForDeploymentPostprocessing = 0;
		};
/* End PBXFrameworksBuildPhase section */

/* Begin PBXGroup section */
		00C302A81ABCB8CE00DB3ED1 /* Products */ = {
			isa = PBXGroup;
			children = (
				00C302AC1ABCB8CE00DB3ED1 /* libRCTActionSheet.a */,
			);
			name = Products;
			sourceTree = "<group>";
		};
		00C302B61ABCB90400DB3ED1 /* Products */ = {
			isa = PBXGroup;
			children = (
				00C302BA1ABCB90400DB3ED1 /* libRCTGeolocation.a */,
			);
			name = Products;
			sourceTree = "<group>";
		};
		00C302BC1ABCB91800DB3ED1 /* Products */ = {
			isa = PBXGroup;
			children = (
				00C302C01ABCB91800DB3ED1 /* libRCTImage.a */,
			);
			name = Products;
			sourceTree = "<group>";
		};
		00C302D41ABCB9D200DB3ED1 /* Products */ = {
			isa = PBXGroup;
			children = (
				00C302DC1ABCB9D200DB3ED1 /* libRCTNetwork.a */,
			);
			name = Products;
			sourceTree = "<group>";
		};
		00C302E01ABCB9EE00DB3ED1 /* Products */ = {
			isa = PBXGroup;
			children = (
				00C302E41ABCB9EE00DB3ED1 /* libRCTVibration.a */,
			);
			name = Products;
			sourceTree = "<group>";
		};
		00E356EF1AD99517003FC87E /* SaishibaoTests */ = {
			isa = PBXGroup;
			children = (
				00E356F21AD99517003FC87E /* SaishibaoTests.m */,
				00E356F01AD99517003FC87E /* Supporting Files */,
			);
			path = SaishibaoTests;
			sourceTree = "<group>";
		};
		00E356F01AD99517003FC87E /* Supporting Files */ = {
			isa = PBXGroup;
			children = (
				00E356F11AD99517003FC87E /* Info.plist */,
			);
			name = "Supporting Files";
			sourceTree = "<group>";
		};
		060C07D41D844AFE0014A488 /* Products */ = {
			isa = PBXGroup;
			children = (
				060C07D81D844AFE0014A488 /* libCodePush.a */,
			);
			name = Products;
			sourceTree = "<group>";
		};
		0653FCF51DB9F9A900AFD96C /* Products */ = {
			isa = PBXGroup;
			children = (
				0653FCF91DB9F9AA00AFD96C /* libRCTWeChat.a */,
			);
			name = Products;
			sourceTree = "<group>";
		};
		06A3D8B41D66F90800BFF486 /* Fonts */ = {
			isa = PBXGroup;
			children = (
				06A3D8B51D66F90800BFF486 /* Entypo.ttf */,
				06A3D8B61D66F90800BFF486 /* EvilIcons.ttf */,
				06A3D8B71D66F90800BFF486 /* FontAwesome.ttf */,
				06A3D8B81D66F90800BFF486 /* Foundation.ttf */,
				06A3D8B91D66F90800BFF486 /* Ionicons.ttf */,
				06A3D8BA1D66F90800BFF486 /* MaterialIcons.ttf */,
				06A3D8BB1D66F90800BFF486 /* Octicons.ttf */,
				06A3D8BC1D66F90800BFF486 /* Zocial.ttf */,
			);
			name = Fonts;
			path = "../node_modules/react-native-vector-icons/Fonts";
			sourceTree = "<group>";
		};
		06A496621D5ADA590012631B /* Products */ = {
			isa = PBXGroup;
			children = (
				06A4966A1D5ADA590012631B /* libRCTMaterialKit.a */,
			);
			name = Products;
			sourceTree = "<group>";
		};
		139105B71AF99BAD00B5F7CC /* Products */ = {
			isa = PBXGroup;
			children = (
				139105C11AF99BAD00B5F7CC /* libRCTSettings.a */,
			);
			name = Products;
			sourceTree = "<group>";
		};
		139FDEE71B06529A00C62182 /* Products */ = {
			isa = PBXGroup;
			children = (
				139FDEF41B06529B00C62182 /* libRCTWebSocket.a */,
			);
			name = Products;
			sourceTree = "<group>";
		};
		13B07FAE1A68108700A75B9A /* Saishibao */ = {
			isa = PBXGroup;
			children = (
				008F07F21AC5B25A0029DE68 /* main.jsbundle */,
				13B07FAF1A68108700A75B9A /* AppDelegate.h */,
				13B07FB01A68108700A75B9A /* AppDelegate.m */,
				13B07FB51A68108700A75B9A /* Images.xcassets */,
				13B07FB61A68108700A75B9A /* Info.plist */,
				13B07FB11A68108700A75B9A /* LaunchScreen.xib */,
				13B07FB71A68108700A75B9A /* main.m */,
			);
			name = Saishibao;
			sourceTree = "<group>";
		};
		146834001AC3E56700842450 /* Products */ = {
			isa = PBXGroup;
			children = (
				146834041AC3E56700842450 /* libReact.a */,
			);
			name = Products;
			sourceTree = "<group>";
		};
		295A672464B52019392E0F2D /* Pods */ = {
			isa = PBXGroup;
			children = (
				0E01D854CA3CD97680099DB1 /* Pods-SaishibaoTests.debug.xcconfig */,
				01EFF53D6718D73FAC0AE1E8 /* Pods-SaishibaoTests.release.xcconfig */,
			);
			name = Pods;
			sourceTree = "<group>";
		};
		76B4602F1D5B1107001AED0F /* 3rd */ = {
			isa = PBXGroup;
			children = (
				76B460301D5B1107001AED0F /* amap */,
				76B460381D5B1107001AED0F /* ASIHTTPRequest */,
				76B460581D5B1107001AED0F /* httpx */,
			);
			name = 3rd;
			path = Saishibao/3rd;
			sourceTree = "<group>";
		};
		76B460301D5B1107001AED0F /* amap */ = {
			isa = PBXGroup;
			children = (
				76B460311D5B1107001AED0F /* AMap.h */,
				76B460321D5B1107001AED0F /* AMap.m */,
				76B460341D5B1107001AED0F /* AMapManager.h */,
				76B460351D5B1107001AED0F /* AMapManager.m */,
			);
			path = amap;
			sourceTree = "<group>";
		};
		76B460381D5B1107001AED0F /* ASIHTTPRequest */ = {
			isa = PBXGroup;
			children = (
				76B460391D5B1107001AED0F /* Classes */,
				76B460521D5B1107001AED0F /* External */,
			);
			path = ASIHTTPRequest;
			sourceTree = "<group>";
		};
		76B460391D5B1107001AED0F /* Classes */ = {
			isa = PBXGroup;
			children = (
				76B4603A1D5B1107001AED0F /* ASIAuthenticationDialog.h */,
				76B4603B1D5B1107001AED0F /* ASIAuthenticationDialog.m */,
				76B4603C1D5B1107001AED0F /* ASICacheDelegate.h */,
				76B4603D1D5B1107001AED0F /* ASIDataCompressor.h */,
				76B4603E1D5B1107001AED0F /* ASIDataCompressor.m */,
				76B4603F1D5B1107001AED0F /* ASIDataDecompressor.h */,
				76B460401D5B1107001AED0F /* ASIDataDecompressor.m */,
				76B460411D5B1107001AED0F /* ASIDownloadCache.h */,
				76B460421D5B1107001AED0F /* ASIDownloadCache.m */,
				76B460431D5B1107001AED0F /* ASIFormDataRequest.h */,
				76B460441D5B1107001AED0F /* ASIFormDataRequest.m */,
				76B460451D5B1107001AED0F /* ASIHTTPRequest.h */,
				76B460461D5B1107001AED0F /* ASIHTTPRequest.m */,
				76B460471D5B1107001AED0F /* ASIHTTPRequestConfig.h */,
				76B460481D5B1107001AED0F /* ASIHTTPRequestDelegate.h */,
				76B460491D5B1107001AED0F /* ASIInputStream.h */,
				76B4604A1D5B1107001AED0F /* ASIInputStream.m */,
				76B4604B1D5B1107001AED0F /* ASINetworkQueue.h */,
				76B4604C1D5B1107001AED0F /* ASINetworkQueue.m */,
				76B4604D1D5B1107001AED0F /* ASIProgressDelegate.h */,
				76B4604E1D5B1107001AED0F /* ASIWebPageRequest */,
				76B4604F1D5B1107001AED0F /* CloudFiles */,
				76B460501D5B1107001AED0F /* S3 */,
				76B460511D5B1107001AED0F /* Tests */,
			);
			path = Classes;
			sourceTree = "<group>";
		};
		76B4604E1D5B1107001AED0F /* ASIWebPageRequest */ = {
			isa = PBXGroup;
			children = (
			);
			path = ASIWebPageRequest;
			sourceTree = "<group>";
		};
		76B4604F1D5B1107001AED0F /* CloudFiles */ = {
			isa = PBXGroup;
			children = (
			);
			path = CloudFiles;
			sourceTree = "<group>";
		};
		76B460501D5B1107001AED0F /* S3 */ = {
			isa = PBXGroup;
			children = (
			);
			path = S3;
			sourceTree = "<group>";
		};
		76B460511D5B1107001AED0F /* Tests */ = {
			isa = PBXGroup;
			children = (
			);
			path = Tests;
			sourceTree = "<group>";
		};
		76B460521D5B1107001AED0F /* External */ = {
			isa = PBXGroup;
			children = (
				76B460531D5B1107001AED0F /* GHUnit */,
				76B460551D5B1107001AED0F /* Reachability */,
			);
			path = External;
			sourceTree = "<group>";
		};
		76B460531D5B1107001AED0F /* GHUnit */ = {
			isa = PBXGroup;
			children = (
				76B460541D5B1107001AED0F /* README-GHUnit */,
			);
			path = GHUnit;
			sourceTree = "<group>";
		};
		76B460551D5B1107001AED0F /* Reachability */ = {
			isa = PBXGroup;
			children = (
				76B460561D5B1107001AED0F /* Reachability.h */,
				76B460571D5B1107001AED0F /* Reachability.m */,
			);
			path = Reachability;
			sourceTree = "<group>";
		};
		76B460581D5B1107001AED0F /* httpx */ = {
			isa = PBXGroup;
			children = (
				76B460591D5B1107001AED0F /* NetStub.h */,
				76B4605A1D5B1107001AED0F /* NetStub.m */,
				76B4605B1D5B1107001AED0F /* RCTHttpx.h */,
				76B4605C1D5B1107001AED0F /* RCTHttpx.m */,
			);
			path = httpx;
			sourceTree = "<group>";
		};
		78C398B11ACF4ADC00677621 /* Products */ = {
			isa = PBXGroup;
			children = (
				78C398B91ACF4ADC00677621 /* libRCTLinking.a */,
			);
			name = Products;
			sourceTree = "<group>";
		};
		832341AE1AAA6A7D00B99B32 /* Libraries */ = {
			isa = PBXGroup;
			children = (
				0653FCF41DB9F9A900AFD96C /* RCTWeChat.xcodeproj */,
				060C07D31D844AFE0014A488 /* CodePush.xcodeproj */,
				06A496611D5ADA590012631B /* RCTMaterialKit.xcodeproj */,
				146833FF1AC3E56700842450 /* React.xcodeproj */,
				00C302A71ABCB8CE00DB3ED1 /* RCTActionSheet.xcodeproj */,
				00C302B51ABCB90400DB3ED1 /* RCTGeolocation.xcodeproj */,
				00C302BB1ABCB91800DB3ED1 /* RCTImage.xcodeproj */,
				78C398B01ACF4ADC00677621 /* RCTLinking.xcodeproj */,
				00C302D31ABCB9D200DB3ED1 /* RCTNetwork.xcodeproj */,
				139105B61AF99BAD00B5F7CC /* RCTSettings.xcodeproj */,
				832341B01AAA6A8300B99B32 /* RCTText.xcodeproj */,
				00C302DF1ABCB9EE00DB3ED1 /* RCTVibration.xcodeproj */,
				139FDEE61B06529A00C62182 /* RCTWebSocket.xcodeproj */,
			);
			name = Libraries;
			sourceTree = "<group>";
		};
		832341B11AAA6A8300B99B32 /* Products */ = {
			isa = PBXGroup;
			children = (
				832341B51AAA6A8300B99B32 /* libRCTText.a */,
			);
			name = Products;
			sourceTree = "<group>";
		};
		83CBB9F61A601CBA00E9B192 = {
			isa = PBXGroup;
			children = (
				06A3D8B41D66F90800BFF486 /* Fonts */,
				13B07FAE1A68108700A75B9A /* Saishibao */,
				76B4602F1D5B1107001AED0F /* 3rd */,
				832341AE1AAA6A7D00B99B32 /* Libraries */,
				00E356EF1AD99517003FC87E /* SaishibaoTests */,
				83CBBA001A601CBA00E9B192 /* Products */,
				295A672464B52019392E0F2D /* Pods */,
				B77EC4A3ACC9E65C23EF6821 /* Frameworks */,
			);
			indentWidth = 2;
			sourceTree = "<group>";
			tabWidth = 2;
		};
		83CBBA001A601CBA00E9B192 /* Products */ = {
			isa = PBXGroup;
			children = (
				13B07F961A680F5B00A75B9A /* 赛事宝.app */,
			);
			name = Products;
			sourceTree = "<group>";
		};
		B77EC4A3ACC9E65C23EF6821 /* Frameworks */ = {
			isa = PBXGroup;
			children = (
				CBBB20FD1DB86D8900423804 /* libWeChatSDK.a */,
				06399B1D1D988A7100EA0F6E /* AMap.bundle */,
				76F0CA2F1D5B126400750B81 /* libPods-SaishibaoTests.a */,
				76F0CA2D1D5B125A00750B81 /* CoreTelephony.framework */,
				76B4609A1D5B1177001AED0F /* libsqlite3.0.tbd */,
				06A3D8F11D6C24FF00BFF486 /* libc++.tbd */,
				06A3D8EF1D6C24DF00BFF486 /* libz.1.2.5.tbd */,
				76B460981D5B116E001AED0F /* libz.tbd */,
				76B460371D5B1107001AED0F /* MAMapKit.framework */,
				76B460361D5B1107001AED0F /* AMapSearchKit.framework */,
				76B460331D5B1107001AED0F /* AMapFoundationKit.framework */,
				52C12E6D45A930ED150953AB /* libPods-SaishibaoTests.a */,
			);
			name = Frameworks;
			sourceTree = "<group>";
		};
/* End PBXGroup section */

/* Begin PBXNativeTarget section */
		13B07F861A680F5B00A75B9A /* Saishibao */ = {
			isa = PBXNativeTarget;
			buildConfigurationList = 13B07F931A680F5B00A75B9A /* Build configuration list for PBXNativeTarget "Saishibao" */;
			buildPhases = (
				13B07F871A680F5B00A75B9A /* Sources */,
				13B07F8C1A680F5B00A75B9A /* Frameworks */,
				13B07F8E1A680F5B00A75B9A /* Resources */,
				00DD1BFF1BD5951E006B06BC /* Bundle React Native code and images */,
			);
			buildRules = (
			);
			dependencies = (
			);
			name = Saishibao;
			productName = "Hello World";
			productReference = 13B07F961A680F5B00A75B9A /* 赛事宝.app */;
			productType = "com.apple.product-type.application";
		};
/* End PBXNativeTarget section */

/* Begin PBXProject section */
		83CBB9F71A601CBA00E9B192 /* Project object */ = {
			isa = PBXProject;
			attributes = {
				LastUpgradeCheck = 0800;
				ORGANIZATIONNAME = Facebook;
				TargetAttributes = {
					13B07F861A680F5B00A75B9A = {
						DevelopmentTeam = 59N9798M8S;
					};
				};
			};
			buildConfigurationList = 83CBB9FA1A601CBA00E9B192 /* Build configuration list for PBXProject "Saishibao" */;
			compatibilityVersion = "Xcode 3.2";
			developmentRegion = English;
			hasScannedForEncodings = 0;
			knownRegions = (
				en,
				Base,
			);
			mainGroup = 83CBB9F61A601CBA00E9B192;
			productRefGroup = 83CBBA001A601CBA00E9B192 /* Products */;
			projectDirPath = "";
			projectReferences = (
				{
					ProductGroup = 060C07D41D844AFE0014A488 /* Products */;
					ProjectRef = 060C07D31D844AFE0014A488 /* CodePush.xcodeproj */;
				},
				{
					ProductGroup = 00C302A81ABCB8CE00DB3ED1 /* Products */;
					ProjectRef = 00C302A71ABCB8CE00DB3ED1 /* RCTActionSheet.xcodeproj */;
				},
				{
					ProductGroup = 00C302B61ABCB90400DB3ED1 /* Products */;
					ProjectRef = 00C302B51ABCB90400DB3ED1 /* RCTGeolocation.xcodeproj */;
				},
				{
					ProductGroup = 00C302BC1ABCB91800DB3ED1 /* Products */;
					ProjectRef = 00C302BB1ABCB91800DB3ED1 /* RCTImage.xcodeproj */;
				},
				{
					ProductGroup = 78C398B11ACF4ADC00677621 /* Products */;
					ProjectRef = 78C398B01ACF4ADC00677621 /* RCTLinking.xcodeproj */;
				},
				{
					ProductGroup = 06A496621D5ADA590012631B /* Products */;
					ProjectRef = 06A496611D5ADA590012631B /* RCTMaterialKit.xcodeproj */;
				},
				{
					ProductGroup = 00C302D41ABCB9D200DB3ED1 /* Products */;
					ProjectRef = 00C302D31ABCB9D200DB3ED1 /* RCTNetwork.xcodeproj */;
				},
				{
					ProductGroup = 139105B71AF99BAD00B5F7CC /* Products */;
					ProjectRef = 139105B61AF99BAD00B5F7CC /* RCTSettings.xcodeproj */;
				},
				{
					ProductGroup = 832341B11AAA6A8300B99B32 /* Products */;
					ProjectRef = 832341B01AAA6A8300B99B32 /* RCTText.xcodeproj */;
				},
				{
					ProductGroup = 00C302E01ABCB9EE00DB3ED1 /* Products */;
					ProjectRef = 00C302DF1ABCB9EE00DB3ED1 /* RCTVibration.xcodeproj */;
				},
				{
					ProductGroup = 139FDEE71B06529A00C62182 /* Products */;
					ProjectRef = 139FDEE61B06529A00C62182 /* RCTWebSocket.xcodeproj */;
				},
				{
					ProductGroup = 0653FCF51DB9F9A900AFD96C /* Products */;
					ProjectRef = 0653FCF41DB9F9A900AFD96C /* RCTWeChat.xcodeproj */;
				},
				{
					ProductGroup = 146834001AC3E56700842450 /* Products */;
					ProjectRef = 146833FF1AC3E56700842450 /* React.xcodeproj */;
				},
			);
			projectRoot = "";
			targets = (
				13B07F861A680F5B00A75B9A /* Saishibao */,
			);
		};
/* End PBXProject section */

/* Begin PBXReferenceProxy section */
		00C302AC1ABCB8CE00DB3ED1 /* libRCTActionSheet.a */ = {
			isa = PBXReferenceProxy;
			fileType = archive.ar;
			path = libRCTActionSheet.a;
			remoteRef = 00C302AB1ABCB8CE00DB3ED1 /* PBXContainerItemProxy */;
			sourceTree = BUILT_PRODUCTS_DIR;
		};
		00C302BA1ABCB90400DB3ED1 /* libRCTGeolocation.a */ = {
			isa = PBXReferenceProxy;
			fileType = archive.ar;
			path = libRCTGeolocation.a;
			remoteRef = 00C302B91ABCB90400DB3ED1 /* PBXContainerItemProxy */;
			sourceTree = BUILT_PRODUCTS_DIR;
		};
		00C302C01ABCB91800DB3ED1 /* libRCTImage.a */ = {
			isa = PBXReferenceProxy;
			fileType = archive.ar;
			path = libRCTImage.a;
			remoteRef = 00C302BF1ABCB91800DB3ED1 /* PBXContainerItemProxy */;
			sourceTree = BUILT_PRODUCTS_DIR;
		};
		00C302DC1ABCB9D200DB3ED1 /* libRCTNetwork.a */ = {
			isa = PBXReferenceProxy;
			fileType = archive.ar;
			path = libRCTNetwork.a;
			remoteRef = 00C302DB1ABCB9D200DB3ED1 /* PBXContainerItemProxy */;
			sourceTree = BUILT_PRODUCTS_DIR;
		};
		00C302E41ABCB9EE00DB3ED1 /* libRCTVibration.a */ = {
			isa = PBXReferenceProxy;
			fileType = archive.ar;
			path = libRCTVibration.a;
			remoteRef = 00C302E31ABCB9EE00DB3ED1 /* PBXContainerItemProxy */;
			sourceTree = BUILT_PRODUCTS_DIR;
		};
		060C07D81D844AFE0014A488 /* libCodePush.a */ = {
			isa = PBXReferenceProxy;
			fileType = archive.ar;
			path = libCodePush.a;
			remoteRef = 060C07D71D844AFE0014A488 /* PBXContainerItemProxy */;
			sourceTree = BUILT_PRODUCTS_DIR;
		};
		0653FCF91DB9F9AA00AFD96C /* libRCTWeChat.a */ = {
			isa = PBXReferenceProxy;
			fileType = archive.ar;
			path = libRCTWeChat.a;
			remoteRef = 0653FCF81DB9F9AA00AFD96C /* PBXContainerItemProxy */;
			sourceTree = BUILT_PRODUCTS_DIR;
		};
		06A4966A1D5ADA590012631B /* libRCTMaterialKit.a */ = {
			isa = PBXReferenceProxy;
			fileType = archive.ar;
			path = libRCTMaterialKit.a;
			remoteRef = 06A496691D5ADA590012631B /* PBXContainerItemProxy */;
			sourceTree = BUILT_PRODUCTS_DIR;
		};
		139105C11AF99BAD00B5F7CC /* libRCTSettings.a */ = {
			isa = PBXReferenceProxy;
			fileType = archive.ar;
			path = libRCTSettings.a;
			remoteRef = 139105C01AF99BAD00B5F7CC /* PBXContainerItemProxy */;
			sourceTree = BUILT_PRODUCTS_DIR;
		};
		139FDEF41B06529B00C62182 /* libRCTWebSocket.a */ = {
			isa = PBXReferenceProxy;
			fileType = archive.ar;
			path = libRCTWebSocket.a;
			remoteRef = 139FDEF31B06529B00C62182 /* PBXContainerItemProxy */;
			sourceTree = BUILT_PRODUCTS_DIR;
		};
		146834041AC3E56700842450 /* libReact.a */ = {
			isa = PBXReferenceProxy;
			fileType = archive.ar;
			path = libReact.a;
			remoteRef = 146834031AC3E56700842450 /* PBXContainerItemProxy */;
			sourceTree = BUILT_PRODUCTS_DIR;
		};
		78C398B91ACF4ADC00677621 /* libRCTLinking.a */ = {
			isa = PBXReferenceProxy;
			fileType = archive.ar;
			path = libRCTLinking.a;
			remoteRef = 78C398B81ACF4ADC00677621 /* PBXContainerItemProxy */;
			sourceTree = BUILT_PRODUCTS_DIR;
		};
		832341B51AAA6A8300B99B32 /* libRCTText.a */ = {
			isa = PBXReferenceProxy;
			fileType = archive.ar;
			path = libRCTText.a;
			remoteRef = 832341B41AAA6A8300B99B32 /* PBXContainerItemProxy */;
			sourceTree = BUILT_PRODUCTS_DIR;
		};
/* End PBXReferenceProxy section */

/* Begin PBXResourcesBuildPhase section */
		13B07F8E1A680F5B00A75B9A /* Resources */ = {
			isa = PBXResourcesBuildPhase;
			buildActionMask = 2147483647;
			files = (
				06A3D8C31D66F90800BFF486 /* Octicons.ttf in Resources */,
				13B07FBF1A68108700A75B9A /* Images.xcassets in Resources */,
				06A3D8C01D66F90800BFF486 /* Foundation.ttf in Resources */,
				06A3D8C11D66F90800BFF486 /* Ionicons.ttf in Resources */,
				06A3D8BD1D66F90800BFF486 /* Entypo.ttf in Resources */,
				13B07FBD1A68108700A75B9A /* LaunchScreen.xib in Resources */,
				06399B1E1D988A7100EA0F6E /* AMap.bundle in Resources */,
				06A3D8C41D66F90800BFF486 /* Zocial.ttf in Resources */,
				06A3D8C21D66F90800BFF486 /* MaterialIcons.ttf in Resources */,
				06A3D8BE1D66F90800BFF486 /* EvilIcons.ttf in Resources */,
				76B460731D5B1107001AED0F /* README-GHUnit in Resources */,
				06A3D8BF1D66F90800BFF486 /* FontAwesome.ttf in Resources */,
			);
			runOnlyForDeploymentPostprocessing = 0;
		};
/* End PBXResourcesBuildPhase section */

/* Begin PBXShellScriptBuildPhase section */
		00DD1BFF1BD5951E006B06BC /* Bundle React Native code and images */ = {
			isa = PBXShellScriptBuildPhase;
			buildActionMask = 2147483647;
			files = (
			);
			inputPaths = (
			);
			name = "Bundle React Native code and images";
			outputPaths = (
			);
			runOnlyForDeploymentPostprocessing = 0;
			shellPath = /bin/sh;
			shellScript = "export NODE_BINARY=node\n../node_modules/react-native/packager/react-native-xcode.sh";
		};
/* End PBXShellScriptBuildPhase section */

/* Begin PBXSourcesBuildPhase section */
		13B07F871A680F5B00A75B9A /* Sources */ = {
			isa = PBXSourcesBuildPhase;
			buildActionMask = 2147483647;
			files = (
				76B460741D5B1107001AED0F /* Reachability.m in Sources */,
				76B4606C1D5B1107001AED0F /* ASIDataCompressor.m in Sources */,
				76B460661D5B1107001AED0F /* AMap.m in Sources */,
				13B07FBC1A68108700A75B9A /* AppDelegate.m in Sources */,
				76B4606B1D5B1107001AED0F /* ASIAuthenticationDialog.m in Sources */,
				76B4606F1D5B1107001AED0F /* ASIFormDataRequest.m in Sources */,
				76B4606D1D5B1107001AED0F /* ASIDataDecompressor.m in Sources */,
				76B460681D5B1107001AED0F /* AMapManager.m in Sources */,
				76B460711D5B1107001AED0F /* ASIInputStream.m in Sources */,
				76B460751D5B1107001AED0F /* NetStub.m in Sources */,
				76B460721D5B1107001AED0F /* ASINetworkQueue.m in Sources */,
				76B460761D5B1107001AED0F /* RCTHttpx.m in Sources */,
				76B460701D5B1107001AED0F /* ASIHTTPRequest.m in Sources */,
				76B4606E1D5B1107001AED0F /* ASIDownloadCache.m in Sources */,
				13B07FC11A68108700A75B9A /* main.m in Sources */,
			);
			runOnlyForDeploymentPostprocessing = 0;
		};
/* End PBXSourcesBuildPhase section */

/* Begin PBXVariantGroup section */
		13B07FB11A68108700A75B9A /* LaunchScreen.xib */ = {
			isa = PBXVariantGroup;
			children = (
				13B07FB21A68108700A75B9A /* Base */,
			);
			name = LaunchScreen.xib;
			path = Saishibao;
			sourceTree = "<group>";
		};
/* End PBXVariantGroup section */

/* Begin XCBuildConfiguration section */
		13B07F941A680F5B00A75B9A /* Debug */ = {
			isa = XCBuildConfiguration;
			buildSettings = {
				ASSETCATALOG_COMPILER_APPICON_NAME = AppIcon;
				ASSETCATALOG_COMPILER_LAUNCHIMAGE_NAME = LaunchImage;
				CODE_SIGN_IDENTITY = "iPhone Developer";
				"CODE_SIGN_IDENTITY[sdk=iphoneos*]" = "iPhone Developer";
				DEAD_CODE_STRIPPING = NO;
				FRAMEWORK_SEARCH_PATHS = (
					"$(inherited)",
					"$(PROJECT_DIR)/Saishibao/3rd/amap",
				);
				HEADER_SEARCH_PATHS = (
					"$(inherited)",
					/Applications/Xcode.app/Contents/Developer/Toolchains/XcodeDefault.xctoolchain/usr/include,
					"$(SRCROOT)/../node_modules/react-native/React/**",
					"$(SRCROOT)/../node_modules/react-native/Libraries/**",
					"$(SRCROOT)/../node_modules/react-native-code-push/**",
					"$(SRCROOT)/../node_modules/react-native-update/ios/RCTHotUpdate/**",
				);
				INFOPLIST_FILE = Saishibao/Info.plist;
				LD_RUNPATH_SEARCH_PATHS = "$(inherited) @executable_path/Frameworks";
				LIBRARY_SEARCH_PATHS = "$(inherited)";
				OTHER_LDFLAGS = (
					"$(inherited)",
					"-ObjC",
					"-lc++",
				);
				PRODUCT_BUNDLE_IDENTIFIER = com.91buyin.saishibao;
				PRODUCT_NAME = "赛事宝";
				PROVISIONING_PROFILE = "";
				TARGETED_DEVICE_FAMILY = 1;
			};
			name = Debug;
		};
		13B07F951A680F5B00A75B9A /* Release */ = {
			isa = XCBuildConfiguration;
			buildSettings = {
				ASSETCATALOG_COMPILER_APPICON_NAME = AppIcon;
				ASSETCATALOG_COMPILER_LAUNCHIMAGE_NAME = LaunchImage;
				CODE_SIGN_IDENTITY = "iPhone Developer";
				"CODE_SIGN_IDENTITY[sdk=iphoneos*]" = "iPhone Developer";
				FRAMEWORK_SEARCH_PATHS = (
					"$(inherited)",
					"$(PROJECT_DIR)/Saishibao/3rd/amap",
				);
				HEADER_SEARCH_PATHS = (
					"$(inherited)",
					/Applications/Xcode.app/Contents/Developer/Toolchains/XcodeDefault.xctoolchain/usr/include,
					"$(SRCROOT)/../node_modules/react-native/React/**",
					"$(SRCROOT)/../node_modules/react-native/Libraries/**",
					"$(SRCROOT)/../node_modules/react-native-code-push/**",
					"$(SRCROOT)/../node_modules/react-native-update/ios/RCTHotUpdate/**",
				);
				INFOPLIST_FILE = Saishibao/Info.plist;
				LD_RUNPATH_SEARCH_PATHS = "$(inherited) @executable_path/Frameworks";
				LIBRARY_SEARCH_PATHS = "$(inherited)";
				OTHER_LDFLAGS = (
					"$(inherited)",
					"-ObjC",
					"-lc++",
				);
				PRODUCT_BUNDLE_IDENTIFIER = com.91buyin.saishibao;
				PRODUCT_NAME = "赛事宝";
				PROVISIONING_PROFILE = "";
				TARGETED_DEVICE_FAMILY = 1;
			};
			name = Release;
		};
		83CBBA201A601CBA00E9B192 /* Debug */ = {
			isa = XCBuildConfiguration;
			buildSettings = {
				ALWAYS_SEARCH_USER_PATHS = NO;
				CLANG_CXX_LANGUAGE_STANDARD = "gnu++0x";
				CLANG_CXX_LIBRARY = "libc++";
				CLANG_ENABLE_MODULES = YES;
				CLANG_ENABLE_OBJC_ARC = YES;
				CLANG_WARN_BOOL_CONVERSION = YES;
				CLANG_WARN_CONSTANT_CONVERSION = YES;
				CLANG_WARN_DIRECT_OBJC_ISA_USAGE = YES_ERROR;
				CLANG_WARN_EMPTY_BODY = YES;
				CLANG_WARN_ENUM_CONVERSION = YES;
				CLANG_WARN_INFINITE_RECURSION = YES;
				CLANG_WARN_INT_CONVERSION = YES;
				CLANG_WARN_OBJC_ROOT_CLASS = YES_ERROR;
				CLANG_WARN_SUSPICIOUS_MOVE = YES;
				CLANG_WARN_UNREACHABLE_CODE = YES;
				CLANG_WARN__DUPLICATE_METHOD_MATCH = YES;
				CODE_SIGN_IDENTITY = "";
				"CODE_SIGN_IDENTITY[sdk=iphoneos*]" = "";
				COPY_PHASE_STRIP = NO;
				ENABLE_STRICT_OBJC_MSGSEND = YES;
				ENABLE_TESTABILITY = YES;
				GCC_C_LANGUAGE_STANDARD = gnu99;
				GCC_DYNAMIC_NO_PIC = NO;
				GCC_NO_COMMON_BLOCKS = YES;
				GCC_OPTIMIZATION_LEVEL = 0;
				GCC_PREPROCESSOR_DEFINITIONS = (
					"DEBUG=1",
					"$(inherited)",
				);
				GCC_SYMBOLS_PRIVATE_EXTERN = NO;
				GCC_WARN_64_TO_32_BIT_CONVERSION = YES;
				GCC_WARN_ABOUT_RETURN_TYPE = YES_ERROR;
				GCC_WARN_UNDECLARED_SELECTOR = YES;
				GCC_WARN_UNINITIALIZED_AUTOS = YES_AGGRESSIVE;
				GCC_WARN_UNUSED_FUNCTION = YES;
				GCC_WARN_UNUSED_VARIABLE = YES;
				HEADER_SEARCH_PATHS = (
					"$(inherited)",
					/Applications/Xcode.app/Contents/Developer/Toolchains/XcodeDefault.xctoolchain/usr/include,
					"$(SRCROOT)/../node_modules/react-native/React/**",
					"$(SRCROOT)/../node_modules/react-native-update/ios/RCTHotUpdate/**",
				);
				IPHONEOS_DEPLOYMENT_TARGET = 8.0;
				MTL_ENABLE_DEBUG_INFO = YES;
				ONLY_ACTIVE_ARCH = YES;
				PROVISIONING_PROFILE = "";
				SDKROOT = iphoneos;
			};
			name = Debug;
		};
		83CBBA211A601CBA00E9B192 /* Release */ = {
			isa = XCBuildConfiguration;
			buildSettings = {
				ALWAYS_SEARCH_USER_PATHS = NO;
				CLANG_CXX_LANGUAGE_STANDARD = "gnu++0x";
				CLANG_CXX_LIBRARY = "libc++";
				CLANG_ENABLE_MODULES = YES;
				CLANG_ENABLE_OBJC_ARC = YES;
				CLANG_WARN_BOOL_CONVERSION = YES;
				CLANG_WARN_CONSTANT_CONVERSION = YES;
				CLANG_WARN_DIRECT_OBJC_ISA_USAGE = YES_ERROR;
				CLANG_WARN_EMPTY_BODY = YES;
				CLANG_WARN_ENUM_CONVERSION = YES;
				CLANG_WARN_INFINITE_RECURSION = YES;
				CLANG_WARN_INT_CONVERSION = YES;
				CLANG_WARN_OBJC_ROOT_CLASS = YES_ERROR;
				CLANG_WARN_SUSPICIOUS_MOVE = YES;
				CLANG_WARN_UNREACHABLE_CODE = YES;
				CLANG_WARN__DUPLICATE_METHOD_MATCH = YES;
				CODE_SIGN_IDENTITY = "";
				"CODE_SIGN_IDENTITY[sdk=iphoneos*]" = "";
				COPY_PHASE_STRIP = YES;
				ENABLE_NS_ASSERTIONS = NO;
				ENABLE_STRICT_OBJC_MSGSEND = YES;
				GCC_C_LANGUAGE_STANDARD = gnu99;
				GCC_NO_COMMON_BLOCKS = YES;
				GCC_WARN_64_TO_32_BIT_CONVERSION = YES;
				GCC_WARN_ABOUT_RETURN_TYPE = YES_ERROR;
				GCC_WARN_UNDECLARED_SELECTOR = YES;
				GCC_WARN_UNINITIALIZED_AUTOS = YES_AGGRESSIVE;
				GCC_WARN_UNUSED_FUNCTION = YES;
				GCC_WARN_UNUSED_VARIABLE = YES;
				HEADER_SEARCH_PATHS = (
					"$(inherited)",
					/Applications/Xcode.app/Contents/Developer/Toolchains/XcodeDefault.xctoolchain/usr/include,
					"$(SRCROOT)/../node_modules/react-native/React/**",
					"$(SRCROOT)/../node_modules/react-native-update/ios/RCTHotUpdate/**",
				);
				IPHONEOS_DEPLOYMENT_TARGET = 8.0;
				MTL_ENABLE_DEBUG_INFO = NO;
				PROVISIONING_PROFILE = "";
				SDKROOT = iphoneos;
				VALIDATE_PRODUCT = YES;
			};
			name = Release;
		};
/* End XCBuildConfiguration section */

/* Begin XCConfigurationList section */
		13B07F931A680F5B00A75B9A /* Build configuration list for PBXNativeTarget "Saishibao" */ = {
			isa = XCConfigurationList;
			buildConfigurations = (
				13B07F941A680F5B00A75B9A /* Debug */,
				13B07F951A680F5B00A75B9A /* Release */,
			);
			defaultConfigurationIsVisible = 0;
			defaultConfigurationName = Debug;
		};
		83CBB9FA1A601CBA00E9B192 /* Build configuration list for PBXProject "Saishibao" */ = {
			isa = XCConfigurationList;
			buildConfigurations = (
				83CBBA201A601CBA00E9B192 /* Debug */,
				83CBBA211A601CBA00E9B192 /* Release */,
			);
			defaultConfigurationIsVisible = 0;
			defaultConfigurationName = Debug;
		};
/* End XCConfigurationList section */
	};
	rootObject = 83CBB9F71A601CBA00E9B192 /* Project object */;
}
